
Microsoft Visual Studio Solution File, Format Version 12.00
# Visual Studio Version 17
VisualStudioVersion = 17.7.34031.279
MinimumVisualStudioVersion = 10.0.40219.1
Project("{FAE04EC0-301F-11D3-BF4B-00C04F79EFBC}") = "WindowsFormsExcel01", "WindowsFormsExcel01\WindowsFormsExcel01.csproj", "{DD0B04AA-C0B0-417B-99AD-D70A3DF478A9}"
EndProject
Global
	GlobalSection(SolutionConfigurationPlatforms) = preSolution
		Debug|Any CPU = Debug|Any CPU
		Release|Any CPU = Release|Any CPU
	EndGlobalSection
	GlobalSection(ProjectConfigurationPlatforms) = postSolution
		{DD0B04AA-C0B0-417B-99AD-D70A3DF478A9}.Debug|Any CPU.ActiveCfg = Debug|Any CPU
		{DD0B04AA-C0B0-417B-99AD-D70A3DF478A9}.Debug|Any CPU.Build.0 = Debug|Any CPU
		{DD0B04AA-C0B0-417B-99AD-D70A3DF478A9}.Release|Any CPU.ActiveCfg = Release|Any CPU
		{DD0B04AA-C0B0-417B-99AD-D70A3DF478A9}.Release|Any CPU.Build.0 = Release|Any CPU
	EndGlobalSection
	GlobalSection(SolutionProperties) = preSolution
		HideSolutionNode = FALSE
	EndGlobalSection
	GlobalSection(ExtensibilityGlobals) = postSolution
		SolutionGuid = {DC57CEB1-48F9-4CF0-B652-F4EB697ABE46}
	EndGlobalSection
EndGlobal
